
Microsoft Visual Studio Solution File, Format Version 12.00
# Visual Studio 14
VisualStudioVersion = 14.0.25123.0
MinimumVisualStudioVersion = 10.0.40219.1
Project("{FAE04EC0-301F-11D3-BF4B-00C04F79EFBC}") = "Calcule1", "Calcule1\Calcule1.csproj", "{04E88B90-30AB-4119-99BA-A769B4DE6774}"
EndProject
Project("{FAE04EC0-301F-11D3-BF4B-00C04F79EFBC}") = "Exercice 2", "Exercice 2\Exercice 2.csproj", "{C2E35EE9-6F94-48D9-80F6-9FA604A9A3F7}"
EndProject
Project("{FAE04EC0-301F-11D3-BF4B-00C04F79EFBC}") = "Exercice 3-1", "Exercice 3-1\Exercice 3-1.csproj", "{171238D2-79A2-4C30-8D5C-2F5346473DB8}"
EndProject
Project("{FAE04EC0-301F-11D3-BF4B-00C04F79EFBC}") = "Exercice 3-2", "Exercice 3-2\Exercice 3-2.csproj", "{31D2C549-19E8-42E9-BC4D-134140DA21C3}"
EndProject
Project("{FAE04EC0-301F-11D3-BF4B-00C04F79EFBC}") = "Exercice 3-3", "Exercice 3-3\Exercice 3-3.csproj", "{D779A053-BFD1-469C-A8FD-064BD37061C3}"
EndProject
Project("{FAE04EC0-301F-11D3-BF4B-00C04F79EFBC}") = "Exercice 3-4", "Exercice 3-4\Exercice 3-4.csproj", "{6ABFA24A-ECC4-42BC-ACA6-0BFBC749E291}"
EndProject
Project("{FAE04EC0-301F-11D3-BF4B-00C04F79EFBC}") = "Exercice 3-5", "Exercice 3-5\Exercice 3-5.csproj", "{7F0B5710-93D6-4A2D-BD0B-94B13F1B4449}"
EndProject
Global
	GlobalSection(SolutionConfigurationPlatforms) = preSolution
		Debug|Any CPU = Debug|Any CPU
		Release|Any CPU = Release|Any CPU
	EndGlobalSection
	GlobalSection(ProjectConfigurationPlatforms) = postSolution
		{04E88B90-30AB-4119-99BA-A769B4DE6774}.Debug|Any CPU.ActiveCfg = Debug|Any CPU
		{04E88B90-30AB-4119-99BA-A769B4DE6774}.Debug|Any CPU.Build.0 = Debug|Any CPU
		{04E88B90-30AB-4119-99BA-A769B4DE6774}.Release|Any CPU.ActiveCfg = Release|Any CPU
		{04E88B90-30AB-4119-99BA-A769B4DE6774}.Release|Any CPU.Build.0 = Release|Any CPU
		{C2E35EE9-6F94-48D9-80F6-9FA604A9A3F7}.Debug|Any CPU.ActiveCfg = Debug|Any CPU
		{C2E35EE9-6F94-48D9-80F6-9FA604A9A3F7}.Debug|Any CPU.Build.0 = Debug|Any CPU
		{C2E35EE9-6F94-48D9-80F6-9FA604A9A3F7}.Release|Any CPU.ActiveCfg = Release|Any CPU
		{C2E35EE9-6F94-48D9-80F6-9FA604A9A3F7}.Release|Any CPU.Build.0 = Release|Any CPU
		{171238D2-79A2-4C30-8D5C-2F5346473DB8}.Debug|Any CPU.ActiveCfg = Debug|Any CPU
		{171238D2-79A2-4C30-8D5C-2F5346473DB8}.Debug|Any CPU.Build.0 = Debug|Any CPU
		{171238D2-79A2-4C30-8D5C-2F5346473DB8}.Release|Any CPU.ActiveCfg = Release|Any CPU
		{171238D2-79A2-4C30-8D5C-2F5346473DB8}.Release|Any CPU.Build.0 = Release|Any CPU
		{31D2C549-19E8-42E9-BC4D-134140DA21C3}.Debug|Any CPU.ActiveCfg = Debug|Any CPU
		{31D2C549-19E8-42E9-BC4D-134140DA21C3}.Debug|Any CPU.Build.0 = Debug|Any CPU
		{31D2C549-19E8-42E9-BC4D-134140DA21C3}.Release|Any CPU.ActiveCfg = Release|Any CPU
		{31D2C549-19E8-42E9-BC4D-134140DA21C3}.Release|Any CPU.Build.0 = Release|Any CPU
		{D779A053-BFD1-469C-A8FD-064BD37061C3}.Debug|Any CPU.ActiveCfg = Debug|Any CPU
		{D779A053-BFD1-469C-A8FD-064BD37061C3}.Debug|Any CPU.Build.0 = Debug|Any CPU
		{D779A053-BFD1-469C-A8FD-064BD37061C3}.Release|Any CPU.ActiveCfg = Release|Any CPU
		{D779A053-BFD1-469C-A8FD-064BD37061C3}.Release|Any CPU.Build.0 = Release|Any CPU
		{6ABFA24A-ECC4-42BC-ACA6-0BFBC749E291}.Debug|Any CPU.ActiveCfg = Debug|Any CPU
		{6ABFA24A-ECC4-42BC-ACA6-0BFBC749E291}.Debug|Any CPU.Build.0 = Debug|Any CPU
		{6ABFA24A-ECC4-42BC-ACA6-0BFBC749E291}.Release|Any CPU.ActiveCfg = Release|Any CPU
		{6ABFA24A-ECC4-42BC-ACA6-0BFBC749E291}.Release|Any CPU.Build.0 = Release|Any CPU
		{7F0B5710-93D6-4A2D-BD0B-94B13F1B4449}.Debug|Any CPU.ActiveCfg = Debug|Any CPU
		{7F0B5710-93D6-4A2D-BD0B-94B13F1B4449}.Debug|Any CPU.Build.0 = Debug|Any CPU
		{7F0B5710-93D6-4A2D-BD0B-94B13F1B4449}.Release|Any CPU.ActiveCfg = Release|Any CPU
		{7F0B5710-93D6-4A2D-BD0B-94B13F1B4449}.Release|Any CPU.Build.0 = Release|Any CPU
	EndGlobalSection
	GlobalSection(SolutionProperties) = preSolution
		HideSolutionNode = FALSE
	EndGlobalSection
EndGlobal
