
Microsoft Visual Studio Solution File, Format Version 12.00
# Visual Studio 14
VisualStudioVersion = 14.0.25123.0
MinimumVisualStudioVersion = 10.0.40219.1
Project("{FAE04EC0-301F-11D3-BF4B-00C04F79EFBC}") = "Exercice 1-1", "Exercice 1\Exercice 1-1.csproj", "{D4929F92-F097-4A83-9C82-5F93C80D17BC}"
EndProject
Project("{FAE04EC0-301F-11D3-BF4B-00C04F79EFBC}") = "Exercice 1-2", "Exercice 2\Exercice 1-2.csproj", "{E2870826-8024-4D87-8305-6535EE570698}"
EndProject
Project("{FAE04EC0-301F-11D3-BF4B-00C04F79EFBC}") = "Exercice 1-3", "Exercice 3\Exercice 1-3.csproj", "{6A6230F9-8DC6-4DBB-B88D-F781335EA0EC}"
EndProject
Project("{FAE04EC0-301F-11D3-BF4B-00C04F79EFBC}") = "Exercice 1-4", "Exercice 4\Exercice 1-4.csproj", "{B6C961F3-3B74-484B-851D-D81598FA3BD5}"
EndProject
Project("{FAE04EC0-301F-11D3-BF4B-00C04F79EFBC}") = "Exercice 2-1", "Exercice 2-1\Exercice 2-1.csproj", "{7896D2FA-F13B-49D1-9844-C35601B5174E}"
EndProject
Project("{FAE04EC0-301F-11D3-BF4B-00C04F79EFBC}") = "DAL", "DAL\DAL.csproj", "{02198465-6B6E-4D3F-9EF0-77236085BBE5}"
EndProject
Global
	GlobalSection(SolutionConfigurationPlatforms) = preSolution
		Debug|Any CPU = Debug|Any CPU
		Release|Any CPU = Release|Any CPU
	EndGlobalSection
	GlobalSection(ProjectConfigurationPlatforms) = postSolution
		{D4929F92-F097-4A83-9C82-5F93C80D17BC}.Debug|Any CPU.ActiveCfg = Debug|Any CPU
		{D4929F92-F097-4A83-9C82-5F93C80D17BC}.Debug|Any CPU.Build.0 = Debug|Any CPU
		{D4929F92-F097-4A83-9C82-5F93C80D17BC}.Release|Any CPU.ActiveCfg = Release|Any CPU
		{D4929F92-F097-4A83-9C82-5F93C80D17BC}.Release|Any CPU.Build.0 = Release|Any CPU
		{E2870826-8024-4D87-8305-6535EE570698}.Debug|Any CPU.ActiveCfg = Debug|Any CPU
		{E2870826-8024-4D87-8305-6535EE570698}.Debug|Any CPU.Build.0 = Debug|Any CPU
		{E2870826-8024-4D87-8305-6535EE570698}.Release|Any CPU.ActiveCfg = Release|Any CPU
		{E2870826-8024-4D87-8305-6535EE570698}.Release|Any CPU.Build.0 = Release|Any CPU
		{6A6230F9-8DC6-4DBB-B88D-F781335EA0EC}.Debug|Any CPU.ActiveCfg = Debug|Any CPU
		{6A6230F9-8DC6-4DBB-B88D-F781335EA0EC}.Debug|Any CPU.Build.0 = Debug|Any CPU
		{6A6230F9-8DC6-4DBB-B88D-F781335EA0EC}.Release|Any CPU.ActiveCfg = Release|Any CPU
		{6A6230F9-8DC6-4DBB-B88D-F781335EA0EC}.Release|Any CPU.Build.0 = Release|Any CPU
		{B6C961F3-3B74-484B-851D-D81598FA3BD5}.Debug|Any CPU.ActiveCfg = Debug|Any CPU
		{B6C961F3-3B74-484B-851D-D81598FA3BD5}.Debug|Any CPU.Build.0 = Debug|Any CPU
		{B6C961F3-3B74-484B-851D-D81598FA3BD5}.Release|Any CPU.ActiveCfg = Release|Any CPU
		{B6C961F3-3B74-484B-851D-D81598FA3BD5}.Release|Any CPU.Build.0 = Release|Any CPU
		{7896D2FA-F13B-49D1-9844-C35601B5174E}.Debug|Any CPU.ActiveCfg = Debug|Any CPU
		{7896D2FA-F13B-49D1-9844-C35601B5174E}.Debug|Any CPU.Build.0 = Debug|Any CPU
		{7896D2FA-F13B-49D1-9844-C35601B5174E}.Release|Any CPU.ActiveCfg = Release|Any CPU
		{7896D2FA-F13B-49D1-9844-C35601B5174E}.Release|Any CPU.Build.0 = Release|Any CPU
		{02198465-6B6E-4D3F-9EF0-77236085BBE5}.Debug|Any CPU.ActiveCfg = Debug|Any CPU
		{02198465-6B6E-4D3F-9EF0-77236085BBE5}.Debug|Any CPU.Build.0 = Debug|Any CPU
		{02198465-6B6E-4D3F-9EF0-77236085BBE5}.Release|Any CPU.ActiveCfg = Release|Any CPU
		{02198465-6B6E-4D3F-9EF0-77236085BBE5}.Release|Any CPU.Build.0 = Release|Any CPU
	EndGlobalSection
	GlobalSection(SolutionProperties) = preSolution
		HideSolutionNode = FALSE
	EndGlobalSection
EndGlobal
